
Microsoft Visual Studio Solution File, Format Version 12.00
# Visual Studio Version 17
VisualStudioVersion = 17.1.32421.90
MinimumVisualStudioVersion = 10.0.40219.1
Project("{9A19103F-16F7-4668-BE54-9A1E7A4F7556}") = "BinomialListLambda", "BinomialListLambda\BinomialListLambda.csproj", "{77FCAC5B-0AA7-4653-B002-99B05A0AA6DF}"
EndProject
Project("{9A19103F-16F7-4668-BE54-9A1E7A4F7556}") = "SpiderListProcessing", "SpiderListProcessing\SpiderListProcessing.csproj", "{3D269428-70D0-4D0B-B967-9007A1CC4468}"
EndProject
Project("{9A19103F-16F7-4668-BE54-9A1E7A4F7556}") = "ExcelToSpecies", "ExcelToSpecies\ExcelToSpecies.csproj", "{1D1F4004-76E7-4FE3-AD0E-B80B0807DC37}"
EndProject
Project("{9A19103F-16F7-4668-BE54-9A1E7A4F7556}") = "TrieTree", "TrieTree\TrieTree.csproj", "{5EF15F26-17E7-4F7F-8A39-E77248CAEE93}"
EndProject
Project("{9A19103F-16F7-4668-BE54-9A1E7A4F7556}") = "Tests", "Tests\Tests.csproj", "{36FB223C-A061-4E7D-8D0B-2DB2DE0DCB7A}"
EndProject
Project("{9A19103F-16F7-4668-BE54-9A1E7A4F7556}") = "SharedTypes", "SharedTypes\SharedTypes.csproj", "{0BDE748C-B015-42FA-A461-CAB74F2A2E51}"
EndProject
Project("{9A19103F-16F7-4668-BE54-9A1E7A4F7556}") = "SpeciesRecordLambda", "SpeciesRecordLambda\SpeciesRecordLambda.csproj", "{D90923CD-17DA-45D4-9E84-D2CADAFAA3D4}"
EndProject
Project("{9A19103F-16F7-4668-BE54-9A1E7A4F7556}") = "SpeciesRecordAddGridRefs", "SpeciesRecordAddGridRefs\SpeciesRecordAddGridRefs.csproj", "{44719AF9-BFD3-48FA-AF16-ECCF8F5C048C}"
EndProject
Project("{22325025-CDA3-4736-83CB-2D32D2FCC215}") = "Infrastructure", "Infrastructure\Infrastructure.cfproj", "{99999999-9999-9999-9999-999999999999}"
EndProject
Global
	GlobalSection(SolutionConfigurationPlatforms) = preSolution
		Debug|Any CPU = Debug|Any CPU
		Debug|x86 = Debug|x86
		Release|Any CPU = Release|Any CPU
		Release|x86 = Release|x86
	EndGlobalSection
	GlobalSection(ProjectConfigurationPlatforms) = postSolution
		{77FCAC5B-0AA7-4653-B002-99B05A0AA6DF}.Debug|Any CPU.ActiveCfg = Debug|Any CPU
		{77FCAC5B-0AA7-4653-B002-99B05A0AA6DF}.Debug|Any CPU.Build.0 = Debug|Any CPU
		{77FCAC5B-0AA7-4653-B002-99B05A0AA6DF}.Debug|x86.ActiveCfg = Debug|Any CPU
		{77FCAC5B-0AA7-4653-B002-99B05A0AA6DF}.Debug|x86.Build.0 = Debug|Any CPU
		{77FCAC5B-0AA7-4653-B002-99B05A0AA6DF}.Release|Any CPU.ActiveCfg = Release|Any CPU
		{77FCAC5B-0AA7-4653-B002-99B05A0AA6DF}.Release|Any CPU.Build.0 = Release|Any CPU
		{77FCAC5B-0AA7-4653-B002-99B05A0AA6DF}.Release|x86.ActiveCfg = Release|Any CPU
		{77FCAC5B-0AA7-4653-B002-99B05A0AA6DF}.Release|x86.Build.0 = Release|Any CPU
		{3D269428-70D0-4D0B-B967-9007A1CC4468}.Debug|Any CPU.ActiveCfg = Debug|Any CPU
		{3D269428-70D0-4D0B-B967-9007A1CC4468}.Debug|Any CPU.Build.0 = Debug|Any CPU
		{3D269428-70D0-4D0B-B967-9007A1CC4468}.Debug|x86.ActiveCfg = Debug|Any CPU
		{3D269428-70D0-4D0B-B967-9007A1CC4468}.Debug|x86.Build.0 = Debug|Any CPU
		{3D269428-70D0-4D0B-B967-9007A1CC4468}.Release|Any CPU.ActiveCfg = Release|Any CPU
		{3D269428-70D0-4D0B-B967-9007A1CC4468}.Release|Any CPU.Build.0 = Release|Any CPU
		{3D269428-70D0-4D0B-B967-9007A1CC4468}.Release|x86.ActiveCfg = Release|Any CPU
		{3D269428-70D0-4D0B-B967-9007A1CC4468}.Release|x86.Build.0 = Release|Any CPU
		{1D1F4004-76E7-4FE3-AD0E-B80B0807DC37}.Debug|Any CPU.ActiveCfg = Debug|Any CPU
		{1D1F4004-76E7-4FE3-AD0E-B80B0807DC37}.Debug|Any CPU.Build.0 = Debug|Any CPU
		{1D1F4004-76E7-4FE3-AD0E-B80B0807DC37}.Debug|x86.ActiveCfg = Debug|Any CPU
		{1D1F4004-76E7-4FE3-AD0E-B80B0807DC37}.Debug|x86.Build.0 = Debug|Any CPU
		{1D1F4004-76E7-4FE3-AD0E-B80B0807DC37}.Release|Any CPU.ActiveCfg = Release|Any CPU
		{1D1F4004-76E7-4FE3-AD0E-B80B0807DC37}.Release|Any CPU.Build.0 = Release|Any CPU
		{1D1F4004-76E7-4FE3-AD0E-B80B0807DC37}.Release|x86.ActiveCfg = Release|Any CPU
		{1D1F4004-76E7-4FE3-AD0E-B80B0807DC37}.Release|x86.Build.0 = Release|Any CPU
		{5EF15F26-17E7-4F7F-8A39-E77248CAEE93}.Debug|Any CPU.ActiveCfg = Debug|Any CPU
		{5EF15F26-17E7-4F7F-8A39-E77248CAEE93}.Debug|Any CPU.Build.0 = Debug|Any CPU
		{5EF15F26-17E7-4F7F-8A39-E77248CAEE93}.Debug|x86.ActiveCfg = Debug|Any CPU
		{5EF15F26-17E7-4F7F-8A39-E77248CAEE93}.Debug|x86.Build.0 = Debug|Any CPU
		{5EF15F26-17E7-4F7F-8A39-E77248CAEE93}.Release|Any CPU.ActiveCfg = Release|Any CPU
		{5EF15F26-17E7-4F7F-8A39-E77248CAEE93}.Release|Any CPU.Build.0 = Release|Any CPU
		{5EF15F26-17E7-4F7F-8A39-E77248CAEE93}.Release|x86.ActiveCfg = Release|Any CPU
		{5EF15F26-17E7-4F7F-8A39-E77248CAEE93}.Release|x86.Build.0 = Release|Any CPU
		{36FB223C-A061-4E7D-8D0B-2DB2DE0DCB7A}.Debug|Any CPU.ActiveCfg = Debug|Any CPU
		{36FB223C-A061-4E7D-8D0B-2DB2DE0DCB7A}.Debug|Any CPU.Build.0 = Debug|Any CPU
		{36FB223C-A061-4E7D-8D0B-2DB2DE0DCB7A}.Debug|x86.ActiveCfg = Debug|Any CPU
		{36FB223C-A061-4E7D-8D0B-2DB2DE0DCB7A}.Debug|x86.Build.0 = Debug|Any CPU
		{36FB223C-A061-4E7D-8D0B-2DB2DE0DCB7A}.Release|Any CPU.ActiveCfg = Release|Any CPU
		{36FB223C-A061-4E7D-8D0B-2DB2DE0DCB7A}.Release|Any CPU.Build.0 = Release|Any CPU
		{36FB223C-A061-4E7D-8D0B-2DB2DE0DCB7A}.Release|x86.ActiveCfg = Release|Any CPU
		{36FB223C-A061-4E7D-8D0B-2DB2DE0DCB7A}.Release|x86.Build.0 = Release|Any CPU
		{0BDE748C-B015-42FA-A461-CAB74F2A2E51}.Debug|Any CPU.ActiveCfg = Debug|Any CPU
		{0BDE748C-B015-42FA-A461-CAB74F2A2E51}.Debug|Any CPU.Build.0 = Debug|Any CPU
		{0BDE748C-B015-42FA-A461-CAB74F2A2E51}.Debug|x86.ActiveCfg = Debug|Any CPU
		{0BDE748C-B015-42FA-A461-CAB74F2A2E51}.Debug|x86.Build.0 = Debug|Any CPU
		{0BDE748C-B015-42FA-A461-CAB74F2A2E51}.Release|Any CPU.ActiveCfg = Release|Any CPU
		{0BDE748C-B015-42FA-A461-CAB74F2A2E51}.Release|Any CPU.Build.0 = Release|Any CPU
		{0BDE748C-B015-42FA-A461-CAB74F2A2E51}.Release|x86.ActiveCfg = Release|Any CPU
		{0BDE748C-B015-42FA-A461-CAB74F2A2E51}.Release|x86.Build.0 = Release|Any CPU
		{D90923CD-17DA-45D4-9E84-D2CADAFAA3D4}.Debug|Any CPU.ActiveCfg = Debug|Any CPU
		{D90923CD-17DA-45D4-9E84-D2CADAFAA3D4}.Debug|Any CPU.Build.0 = Debug|Any CPU
		{D90923CD-17DA-45D4-9E84-D2CADAFAA3D4}.Debug|x86.ActiveCfg = Debug|Any CPU
		{D90923CD-17DA-45D4-9E84-D2CADAFAA3D4}.Debug|x86.Build.0 = Debug|Any CPU
		{D90923CD-17DA-45D4-9E84-D2CADAFAA3D4}.Release|Any CPU.ActiveCfg = Release|Any CPU
		{D90923CD-17DA-45D4-9E84-D2CADAFAA3D4}.Release|Any CPU.Build.0 = Release|Any CPU
		{D90923CD-17DA-45D4-9E84-D2CADAFAA3D4}.Release|x86.ActiveCfg = Release|Any CPU
		{D90923CD-17DA-45D4-9E84-D2CADAFAA3D4}.Release|x86.Build.0 = Release|Any CPU
		{44719AF9-BFD3-48FA-AF16-ECCF8F5C048C}.Debug|Any CPU.ActiveCfg = Debug|Any CPU
		{44719AF9-BFD3-48FA-AF16-ECCF8F5C048C}.Debug|Any CPU.Build.0 = Debug|Any CPU
		{44719AF9-BFD3-48FA-AF16-ECCF8F5C048C}.Debug|x86.ActiveCfg = Debug|Any CPU
		{44719AF9-BFD3-48FA-AF16-ECCF8F5C048C}.Debug|x86.Build.0 = Debug|Any CPU
		{44719AF9-BFD3-48FA-AF16-ECCF8F5C048C}.Release|Any CPU.ActiveCfg = Release|Any CPU
		{44719AF9-BFD3-48FA-AF16-ECCF8F5C048C}.Release|Any CPU.Build.0 = Release|Any CPU
		{44719AF9-BFD3-48FA-AF16-ECCF8F5C048C}.Release|x86.ActiveCfg = Release|Any CPU
		{44719AF9-BFD3-48FA-AF16-ECCF8F5C048C}.Release|x86.Build.0 = Release|Any CPU
		{99999999-9999-9999-9999-999999999999}.Debug|Any CPU.ActiveCfg = Debug|x86
		{99999999-9999-9999-9999-999999999999}.Debug|Any CPU.Build.0 = Debug|x86
		{99999999-9999-9999-9999-999999999999}.Debug|x86.ActiveCfg = Debug|x86
		{99999999-9999-9999-9999-999999999999}.Debug|x86.Build.0 = Debug|x86
		{99999999-9999-9999-9999-999999999999}.Release|Any CPU.ActiveCfg = Release|x86
		{99999999-9999-9999-9999-999999999999}.Release|Any CPU.Build.0 = Release|x86
		{99999999-9999-9999-9999-999999999999}.Release|x86.ActiveCfg = Release|x86
		{99999999-9999-9999-9999-999999999999}.Release|x86.Build.0 = Release|x86
	EndGlobalSection
	GlobalSection(SolutionProperties) = preSolution
		HideSolutionNode = FALSE
	EndGlobalSection
	GlobalSection(ExtensibilityGlobals) = postSolution
		SolutionGuid = {FDE005AE-F174-4BE8-B06B-41CF5BB63F71}
	EndGlobalSection
EndGlobal
